{
  "name": "js-tests",
  "version": "1.0.0",
  "lockfileVersion": 3,
  "requires": true,
  "packages": {
    "": {
      "name": "js-tests",
      "version": "1.0.0",
      "license": "ISC",
      "dependencies": {
        "rewipe-js": "^1.0.2308204"
      }
    },
    "node_modules/lodash": {
      "version": "4.17.21",
      "resolved": "https://registry.npmjs.org/lodash/-/lodash-4.17.21.tgz",
      "integrity": "sha512-v2kDEe57lecTulaDIuNTPy3Ry4gLGJ6Z1O3vE1krgXZNrsQ+LFTGHVxVjcXPs17LhbZVGedAJv8XZ1tvj5FvSg=="
    },
    "node_modules/moment": {
      "version": "2.29.4",
      "resolved": "https://registry.npmjs.org/moment/-/moment-2.29.4.tgz",
      "integrity": "sha512-5LC9SOxjSc2HF6vO2CyuTDNivEdoz2IvyJJGj6X8DJ0eFyfszE0QiEd+iXmBvUP3WHxSjFH/vIsA0EN00cgr8w==",
      "engines": {
        "node": "*"
      }
    },
    "node_modules/rewipe-js": {
      "version": "1.0.2308204",
      "resolved": "https://registry.npmjs.org/rewipe-js/-/rewipe-js-1.0.2308204.tgz",
      "integrity": "sha512-kf7XiDCbflRoPARb5cpBFgAyKKqkOpon5ESAbkwrGlhVKTjixBT02RZIL4A/EWVZR3pdBAzIrKSwC+W86bcStA==",
      "dependencies": {
        "lodash": "^4.17.21",
        "moment": "^2.29.4"
      }
    }
  }
}
